<?xml version="1.0" encoding="utf-8"?>
<Project ToolsVersion="4.0" xmlns="http://schemas.microsoft.com/developer/msbuild/2003">
  <ItemGroup>
    <Filter Include="Source Files">
      <UniqueIdentifier>{4FC737F1-C7A5-4376-A066-2A32D752A2FF}</UniqueIdentifier>
      <Extensions>cpp;c;cc;cxx;def;odl;idl;hpj;bat;asm;asmx</Extensions>
    </Filter>
    <Filter Include="Header Files">
      <UniqueIdentifier>{93995380-89BD-4b04-88EB-625FBE52EBFB}</UniqueIdentifier>
      <Extensions>h;hh;hpp;hxx;hm;inl;inc;xsd</Extensions>
    </Filter>
    <Filter Include="Resource Files">
      <UniqueIdentifier>{67DA6AB6-F800-4c08-8B7A-83BB121AAD01}</UniqueIdentifier>
      <Extensions>rc;ico;cur;bmp;dlg;rc2;rct;bin;rgs;gif;jpg;jpeg;jpe;resx;tiff;tif;png;wav;mfcribbon-ms</Extensions>
    </Filter>
    <Filter Include="3rd-party">
      <UniqueIdentifier>{2FDC4020-9962-4747-9393-06C9014B2B5E}</UniqueIdentifier>
    </Filter>
    <Filter Include="App">
      <UniqueIdentifier>{8B2F3E23-F26B-4D4D-8B0F-4316D6FD2831}</UniqueIdentifier>
    </Filter>
    <Filter Include="Browse">
      <UniqueIdentifier>{2A7E8D05-4743-48EE-8B35-9B536434F4F7}</UniqueIdentifier>
    </Filter>
    <Filter Include="Diagnostics">
      <UniqueIdentifier>{4E71339B-0B3F-4075-95D4-17DC858482E6}</UniqueIdentifier>
    </Filter>
    <Filter Include="Image">
      <UniqueIdentifier>{8FE35DB1-E510-4577-A6FC-F784C8211D87}</UniqueIdentifier>
    </Filter>
    <Filter Include="Platform">
      <UniqueIdentifier>{FC862693-21AB-4FC5-B7D6-EB6727561EDE}</UniqueIdentifier>
    </Filter>
    <Filter Include="UI">
      <UniqueIdentifier>{C2D9EB85-D0C8-4DD8-B91A-C1CB3277D77C}</UniqueIdentifier>
    </Filter>
  </ItemGroup>
  <ItemGroup>
    <ClInclude Include="3rd-party\libjpeg-turbo\jconfig.h">
      <Filter>3rd-party</Filter>
    </ClInclude>
    <ClInclude Include="3rd-party\libjpeg-turbo\jerror.h">
      <Filter>3rd-party</Filter>
    </ClInclude>
    <ClInclude Include="3rd-party\libjpeg-turbo\jmorecfg.h">
      <Filter>3rd-party</Filter>
    </ClInclude>
    <ClInclude Include="3rd-party\libjpeg-turbo\jpeglib.h">
      <Filter>3rd-party</Filter>
    </ClInclude>
    <ClInclude Include="3rd-party\libjpeg-turbo\turbojpeg.h">
      <Filter>3rd-party</Filter>
    </ClInclude>
    <ClInclude Include="3rd-party\Little-CMS\lcms2.h">
      <Filter>3rd-party</Filter>
    </ClInclude>
    <ClInclude Include="resources\resource.h">
      <Filter>Resource Files</Filter>
    </ClInclude>
    <ClInclude Include="src\app\ImgVw.h">
      <Filter>App</Filter>
    </ClInclude>
    <ClInclude Include="src\browse\ImgFileList.h">
      <Filter>Browse</Filter>
    </ClInclude>
    <ClInclude Include="src\browse\ImgBrowser.h">
      <Filter>Browse</Filter>
    </ClInclude>
    <ClInclude Include="src\diagnostics\DebugHelper.h">
      <Filter>Diagnostics</Filter>
    </ClInclude>
    <ClInclude Include="src\diagnostics\StreamLineWriter.h">
      <Filter>Diagnostics</Filter>
    </ClInclude>
    <ClInclude Include="src\diagnostics\TimestampLogger.h">
      <Filter>Diagnostics</Filter>
    </ClInclude>
    <ClInclude Include="src\image\ExifOrientation.h">
      <Filter>Image</Filter>
    </ClInclude>
    <ClInclude Include="src\image\ImgBitmap.h">
      <Filter>Image</Filter>
    </ClInclude>
    <ClInclude Include="src\image\ImgBuffer.h">
      <Filter>Image</Filter>
    </ClInclude>
    <ClInclude Include="src\image\ImgCache.h">
      <Filter>Image</Filter>
    </ClInclude>
    <ClInclude Include="src\image\ImgGDIItem.h">
      <Filter>Image</Filter>
    </ClInclude>
    <ClInclude Include="src\image\ImgItem.h">
      <Filter>Image</Filter>
    </ClInclude>
    <ClInclude Include="src\image\ImgItemFactory.h">
      <Filter>Image</Filter>
    </ClInclude>
    <ClInclude Include="src\image\ImgItemHelper.h">
      <Filter>Image</Filter>
    </ClInclude>
    <ClInclude Include="src\image\ImgJpegDecoder.h">
      <Filter>Image</Filter>
    </ClInclude>
    <ClInclude Include="src\image\ImgJPEGItem.h">
      <Filter>Image</Filter>
    </ClInclude>
    <ClInclude Include="src\image\ImgLoader.h">
      <Filter>Image</Filter>
    </ClInclude>
    <ClInclude Include="src\platform\win32\CountingSemaphore.h">
      <Filter>Platform</Filter>
    </ClInclude>
    <ClInclude Include="src\platform\win32\FileOperations.h">
      <Filter>Platform</Filter>
    </ClInclude>
    <ClInclude Include="src\platform\win32\FileMapView.h">
      <Filter>Platform</Filter>
    </ClInclude>
    <ClInclude Include="src\platform\win32\FileStream.h">
      <Filter>Platform</Filter>
    </ClInclude>
    <ClInclude Include="src\platform\win32\ImgSettings.h">
      <Filter>Platform</Filter>
    </ClInclude>
    <ClInclude Include="src\ui\win32\ImgVwWindow.h">
      <Filter>UI</Filter>
    </ClInclude>
    <ClInclude Include="src\ui\win32\ImgRenderer.h">
      <Filter>UI</Filter>
    </ClInclude>
    <ClInclude Include="src\ui\win32\Window.h">
      <Filter>UI</Filter>
    </ClInclude>
  </ItemGroup>
  <ItemGroup>
    <ClCompile Include="src\app\Program.cpp">
      <Filter>App</Filter>
    </ClCompile>
    <ClCompile Include="src\browse\ImgFileList.cpp">
      <Filter>Browse</Filter>
    </ClCompile>
    <ClCompile Include="src\browse\ImgBrowser.cpp">
      <Filter>Browse</Filter>
    </ClCompile>
    <ClCompile Include="src\image\ExifOrientation.cpp">
      <Filter>Image</Filter>
    </ClCompile>
    <ClCompile Include="src\image\ImgBuffer.cpp">
      <Filter>Image</Filter>
    </ClCompile>
    <ClCompile Include="src\image\ImgGDIItem.cpp">
      <Filter>Image</Filter>
    </ClCompile>
    <ClCompile Include="src\image\ImgItem.cpp">
      <Filter>Image</Filter>
    </ClCompile>
    <ClCompile Include="src\image\ImgItemHelper.cpp">
      <Filter>Image</Filter>
    </ClCompile>
    <ClCompile Include="src\image\ImgJpegDecoder.cpp">
      <Filter>Image</Filter>
    </ClCompile>
    <ClCompile Include="src\image\ImgJPEGItem.cpp">
      <Filter>Image</Filter>
    </ClCompile>
    <ClCompile Include="src\image\ImgLoader.cpp">
      <Filter>Image</Filter>
    </ClCompile>
    <ClCompile Include="src\platform\win32\FileStream.cpp">
      <Filter>Platform</Filter>
    </ClCompile>
    <ClCompile Include="src\platform\win32\FileOperations.cpp">
      <Filter>Platform</Filter>
    </ClCompile>
    <ClCompile Include="src\ui\win32\ImgRenderer.cpp">
      <Filter>UI</Filter>
    </ClCompile>
    <ClCompile Include="src\ui\win32\ImgVwWindow.cpp">
      <Filter>UI</Filter>
    </ClCompile>
    <ClCompile Include="src\ui\win32\Window.cpp">
      <Filter>UI</Filter>
    </ClCompile>
  </ItemGroup>
  <ItemGroup>
    <ResourceCompile Include="resources\ImgVw.rc">
      <Filter>Resource Files</Filter>
    </ResourceCompile>
  </ItemGroup>
  <ItemGroup>
    <Image Include="resources\ImgVw.ico">
      <Filter>Resource Files</Filter>
    </Image>
    <Image Include="resources\small.ico">
      <Filter>Resource Files</Filter>
    </Image>
  </ItemGroup>
</Project>
