
Microsoft Visual Studio Solution File, Format Version 12.00
# Visual Studio 15
VisualStudioVersion = 15.0.27130.2027
MinimumVisualStudioVersion = 10.0.40219.1
Project("{8BC9CEB8-8B4A-11D0-8D11-00A0C91BC942}") = "ImgVw", "ImgVw.vcxproj", "{F0D77C92-6951-4588-8889-73F090229F4D}"
EndProject
Project("{2150E333-8FDC-42A3-9474-1A3956D46DE8}") = "Other", "Other", "{459FD23B-FACF-489E-BE5C-65D9714A136B}"
	ProjectSection(SolutionItems) = preProject
		.editorconfig = .editorconfig
		.gitignore = .gitignore
		application.manifest = application.manifest
		CHANGELOG.md = CHANGELOG.md
		LICENSE.md = LICENSE.md
		README.md = README.md
		TODO.md = TODO.md
	EndProjectSection
EndProject
Global
	GlobalSection(SolutionConfigurationPlatforms) = preSolution
		Debug|Win32 = Debug|Win32
		Release|Win32 = Release|Win32
	EndGlobalSection
	GlobalSection(ProjectConfigurationPlatforms) = postSolution
		{F0D77C92-6951-4588-8889-73F090229F4D}.Debug|Win32.ActiveCfg = Debug|Win32
		{F0D77C92-6951-4588-8889-73F090229F4D}.Debug|Win32.Build.0 = Debug|Win32
		{F0D77C92-6951-4588-8889-73F090229F4D}.Release|Win32.ActiveCfg = Release|Win32
		{F0D77C92-6951-4588-8889-73F090229F4D}.Release|Win32.Build.0 = Release|Win32
	EndGlobalSection
	GlobalSection(SolutionProperties) = preSolution
		HideSolutionNode = FALSE
	EndGlobalSection
	GlobalSection(ExtensibilityGlobals) = postSolution
		SolutionGuid = {8995D580-2BF0-4261-A988-14288BEAEF73}
	EndGlobalSection
EndGlobal
